
Microsoft Visual Studio Solution File, Format Version 12.00
# Visual Studio Version 17
VisualStudioVersion = 17.14.36414.22 d17.14
MinimumVisualStudioVersion = 10.0.40219.1
Project("{FAE04EC0-301F-11D3-BF4B-00C04F79EFBC}") = "Delegates", "Delegates\Delegates.csproj", "{2F35F851-C8CF-4FD1-BD65-A325DC417825}"
EndProject
Global
	GlobalSection(SolutionConfigurationPlatforms) = preSolution
		Debug|Any CPU = Debug|Any CPU
		Release|Any CPU = Release|Any CPU
	EndGlobalSection
	GlobalSection(ProjectConfigurationPlatforms) = postSolution
		{2F35F851-C8CF-4FD1-BD65-A325DC417825}.Debug|Any CPU.ActiveCfg = Debug|Any CPU
		{2F35F851-C8CF-4FD1-BD65-A325DC417825}.Debug|Any CPU.Build.0 = Debug|Any CPU
		{2F35F851-C8CF-4FD1-BD65-A325DC417825}.Release|Any CPU.ActiveCfg = Release|Any CPU
		{2F35F851-C8CF-4FD1-BD65-A325DC417825}.Release|Any CPU.Build.0 = Release|Any CPU
	EndGlobalSection
	GlobalSection(SolutionProperties) = preSolution
		HideSolutionNode = FALSE
	EndGlobalSection
	GlobalSection(ExtensibilityGlobals) = postSolution
		SolutionGuid = {FF7F6100-C2D8-4B5B-B781-CBF892A74155}
	EndGlobalSection
EndGlobal
